{
    "_readme": [
        "This file locks the dependencies of your project to a known state",
        "Read more about it at https://getcomposer.org/doc/01-basic-usage.md#installing-dependencies",
        "This file is @generated automatically"
    ],
    "content-hash": "6bdc5947455b1103600fabf2efa040c1",
    "packages": [
        {
            "name": "doctrine/inflector",
            "version": "2.0.3",
            "source": {
                "type": "git",
                "url": "https://github.com/doctrine/inflector.git",
                "reference": "9cf661f4eb38f7c881cac67c75ea9b00bf97b210"
            },
            "dist": {
                "type": "zip",
                "url": "https://api.github.com/repos/doctrine/inflector/zipball/9cf661f4eb38f7c881cac67c75ea9b00bf97b210",
                "reference": "9cf661f4eb38f7c881cac67c75ea9b00bf97b210",
                "shasum": ""
            },
            "require": {
                "php": "^7.2 || ^8.0"
            },
            "require-dev": {
                "doctrine/coding-standard": "^7.0",
                "phpstan/phpstan": "^0.11",
                "phpstan/phpstan-phpunit": "^0.11",
                "phpstan/phpstan-strict-rules": "^0.11",
                "phpunit/phpunit": "^7.0 || ^8.0 || ^9.0"
            },
            "type": "library",
            "extra": {
                "branch-alias": {
                    "dev-master": "2.0.x-dev"
                }
            },
            "autoload": {
                "psr-4": {
                    "Doctrine\\Inflector\\": "lib/Doctrine/Inflector"
                }
            },
            "notification-url": "https://packagist.org/downloads/",
            "license": [
                "MIT"
            ],
            "authors": [
                {
                    "name": "Guilherme Blanco",
                    "email": "guilhermeblanco@gmail.com"
                },
                {
                    "name": "Roman Borschel",
                    "email": "roman@code-factory.org"
                },
                {
                    "name": "Benjamin Eberlei",
                    "email": "kontakt@beberlei.de"
                },
                {
                    "name": "Jonathan Wage",
                    "email": "jonwage@gmail.com"
                },
                {
                    "name": "Johannes Schmitt",
                    "email": "schmittjoh@gmail.com"
                }
            ],
            "description": "PHP Doctrine Inflector is a small library that can perform string manipulations with regard to upper/lowercase and singular/plural forms of words.",
            "homepage": "https://www.doctrine-project.org/projects/inflector.html",
            "keywords": [
                "inflection",
                "inflector",
                "lowercase",
                "manipulation",
                "php",
                "plural",
                "singular",
                "strings",
                "uppercase",
                "words"
            ],
            "support": {
                "issues": "https://github.com/doctrine/inflector/issues",
                "source": "https://github.com/doctrine/inflector/tree/2.0.x"
            },
            "funding": [
                {
                    "url": "https://www.doctrine-project.org/sponsorship.html",
                    "type": "custom"
                },
                {
                    "url": "https://www.patreon.com/phpdoctrine",
                    "type": "patreon"
                },
                {
                    "url": "https://tidelift.com/funding/github/packagist/doctrine%2Finflector",
                    "type": "tidelift"
                }
            ],
            "time": "2020-05-29T15:13:26+00:00"
        },
        {
            "name": "guzzlehttp/guzzle",
            "version": "6.5.5",
            "source": {
                "type": "git",
                "url": "https://github.com/guzzle/guzzle.git",
                "reference": "9d4290de1cfd701f38099ef7e183b64b4b7b0c5e"
            },
            "dist": {
                "type": "zip",
                "url": "https://api.github.com/repos/guzzle/guzzle/zipball/9d4290de1cfd701f38099ef7e183b64b4b7b0c5e",
                "reference": "9d4290de1cfd701f38099ef7e183b64b4b7b0c5e",
                "shasum": ""
            },
            "require": {
                "ext-json": "*",
                "guzzlehttp/promises": "^1.0",
                "guzzlehttp/psr7": "^1.6.1",
                "php": ">=5.5",
                "symfony/polyfill-intl-idn": "^1.17.0"
            },
            "require-dev": {
                "ext-curl": "*",
                "phpunit/phpunit": "^4.8.35 || ^5.7 || ^6.4 || ^7.0",
                "psr/log": "^1.1"
            },
            "suggest": {
                "psr/log": "Required for using the Log middleware"
            },
            "type": "library",
            "extra": {
                "branch-alias": {
                    "dev-master": "6.5-dev"
                }
            },
            "autoload": {
                "psr-4": {
                    "GuzzleHttp\\": "src/"
                },
                "files": [
                    "src/functions_include.php"
                ]
            },
            "notification-url": "https://packagist.org/downloads/",
            "license": [
                "MIT"
            ],
            "authors": [
                {
                    "name": "Michael Dowling",
                    "email": "mtdowling@gmail.com",
                    "homepage": "https://github.com/mtdowling"
                }
            ],
            "description": "Guzzle is a PHP HTTP client library",
            "homepage": "http://guzzlephp.org/",
            "keywords": [
                "client",
                "curl",
                "framework",
                "http",
                "http client",
                "rest",
                "web service"
            ],
            "support": {
                "issues": "https://github.com/guzzle/guzzle/issues",
                "source": "https://github.com/guzzle/guzzle/tree/6.5"
            },
            "time": "2020-06-16T21:01:06+00:00"
        },
        {
            "name": "guzzlehttp/promises",
            "version": "1.4.0",
            "source": {
                "type": "git",
                "url": "https://github.com/guzzle/promises.git",
                "reference": "60d379c243457e073cff02bc323a2a86cb355631"
            },
            "dist": {
                "type": "zip",
                "url": "https://api.github.com/repos/guzzle/promises/zipball/60d379c243457e073cff02bc323a2a86cb355631",
                "reference": "60d379c243457e073cff02bc323a2a86cb355631",
                "shasum": ""
            },
            "require": {
                "php": ">=5.5"
            },
            "require-dev": {
                "symfony/phpunit-bridge": "^4.4 || ^5.1"
            },
            "type": "library",
            "extra": {
                "branch-alias": {
                    "dev-master": "1.4-dev"
                }
            },
            "autoload": {
                "psr-4": {
                    "GuzzleHttp\\Promise\\": "src/"
                },
                "files": [
                    "src/functions_include.php"
                ]
            },
            "notification-url": "https://packagist.org/downloads/",
            "license": [
                "MIT"
            ],
            "authors": [
                {
                    "name": "Michael Dowling",
                    "email": "mtdowling@gmail.com",
                    "homepage": "https://github.com/mtdowling"
                }
            ],
            "description": "Guzzle promises library",
            "keywords": [
                "promise"
            ],
            "support": {
                "issues": "https://github.com/guzzle/promises/issues",
                "source": "https://github.com/guzzle/promises/tree/1.4.0"
            },
            "time": "2020-09-30T07:37:28+00:00"
        },
        {
            "name": "guzzlehttp/psr7",
            "version": "1.7.0",
            "source": {
                "type": "git",
                "url": "https://github.com/guzzle/psr7.git",
                "reference": "53330f47520498c0ae1f61f7e2c90f55690c06a3"
            },
            "dist": {
                "type": "zip",
                "url": "https://api.github.com/repos/guzzle/psr7/zipball/53330f47520498c0ae1f61f7e2c90f55690c06a3",
                "reference": "53330f47520498c0ae1f61f7e2c90f55690c06a3",
                "shasum": ""
            },
            "require": {
                "php": ">=5.4.0",
                "psr/http-message": "~1.0",
                "ralouphie/getallheaders": "^2.0.5 || ^3.0.0"
            },
            "provide": {
                "psr/http-message-implementation": "1.0"
            },
            "require-dev": {
                "ext-zlib": "*",
                "phpunit/phpunit": "~4.8.36 || ^5.7.27 || ^6.5.14 || ^7.5.20 || ^8.5.8 || ^9.3.10"
            },
            "suggest": {
                "laminas/laminas-httphandlerrunner": "Emit PSR-7 responses"
            },
            "type": "library",
            "extra": {
                "branch-alias": {
                    "dev-master": "1.7-dev"
                }
            },
            "autoload": {
                "psr-4": {
                    "GuzzleHttp\\Psr7\\": "src/"
                },
                "files": [
                    "src/functions_include.php"
                ]
            },
            "notification-url": "https://packagist.org/downloads/",
            "license": [
                "MIT"
            ],
            "authors": [
                {
                    "name": "Michael Dowling",
                    "email": "mtdowling@gmail.com",
                    "homepage": "https://github.com/mtdowling"
                },
                {
                    "name": "Tobias Schultze",
                    "homepage": "https://github.com/Tobion"
                }
            ],
            "description": "PSR-7 message implementation that also provides common utility methods",
            "keywords": [
                "http",
                "message",
                "psr-7",
                "request",
                "response",
                "stream",
                "uri",
                "url"
            ],
            "support": {
                "issues": "https://github.com/guzzle/psr7/issues",
                "source": "https://github.com/guzzle/psr7/tree/1.7.0"
            },
            "time": "2020-09-30T07:37:11+00:00"
        },
        {
            "name": "hyperf/consul",
            "version": "v2.0.21",
            "source": {
                "type": "git",
                "url": "https://github.com/hyperf/consul.git",
                "reference": "0cc62e2b42ef61c5f492ff74e8329bfb41e6e6fb"
            },
            "dist": {
                "type": "zip",
                "url": "https://api.github.com/repos/hyperf/consul/zipball/0cc62e2b42ef61c5f492ff74e8329bfb41e6e6fb",
                "reference": "0cc62e2b42ef61c5f492ff74e8329bfb41e6e6fb",
                "shasum": ""
            },
            "require": {
                "hyperf/guzzle": "~2.0.0",
                "php": ">=7.2"
            },
            "require-dev": {
                "friendsofphp/php-cs-fixer": "^2.9",
                "malukenho/docheader": "^0.1.6",
                "mockery/mockery": "^1.0",
                "phpunit/phpunit": "^7.0.0"
            },
            "type": "library",
            "extra": {
                "branch-alias": {
                    "dev-master": "2.0-dev"
                },
                "hyperf": {
                    "config": "Hyperf\\Consul\\ConfigProvider"
                }
            },
            "autoload": {
                "psr-4": {
                    "Hyperf\\Consul\\": "src/"
                }
            },
            "notification-url": "https://packagist.org/downloads/",
            "license": [
                "MIT"
            ],
            "description": "A Consul Client for Hyperf.",
            "homepage": "https://hyperf.io",
            "keywords": [
                "consul",
                "consul-client",
                "hyperf",
                "php",
                "swoole"
            ],
            "support": {
                "docs": "https://hyperf.wiki",
                "issues": "https://github.com/hyperf/hyperf/issues",
                "pull-request": "https://github.com/hyperf/hyperf/pulls",
                "source": "https://github.com/hyperf/hyperf"
            },
            "time": "2020-11-24T07:28:24+00:00"
        },
        {
            "name": "hyperf/contract",
            "version": "v2.0.13",
            "source": {
                "type": "git",
                "url": "https://github.com/hyperf/contract.git",
                "reference": "02eb7c2affbc9ef020b02801b4b21c69c7e4fd5b"
            },
            "dist": {
                "type": "zip",
                "url": "https://api.github.com/repos/hyperf/contract/zipball/02eb7c2affbc9ef020b02801b4b21c69c7e4fd5b",
                "reference": "02eb7c2affbc9ef020b02801b4b21c69c7e4fd5b",
                "shasum": ""
            },
            "require": {
                "php": ">=7.2"
            },
            "require-dev": {
                "friendsofphp/php-cs-fixer": "^2.9",
                "malukenho/docheader": "^0.1.6",
                "mockery/mockery": "^1.0",
                "phpunit/phpunit": "^7.0.0"
            },
            "type": "library",
            "extra": {
                "branch-alias": {
                    "dev-master": "2.0-dev"
                },
                "hyperf": []
            },
            "autoload": {
                "psr-4": {
                    "Hyperf\\Contract\\": "src/"
                }
            },
            "notification-url": "https://packagist.org/downloads/",
            "license": [
                "MIT"
            ],
            "description": "The contracts of Hyperf.",
            "homepage": "https://hyperf.io",
            "keywords": [
                "hyperf",
                "php",
                "swoole"
            ],
            "support": {
                "docs": "https://hyperf.wiki",
                "issues": "https://github.com/hyperf/hyperf/issues",
                "pull-request": "https://github.com/hyperf/hyperf/pulls",
                "source": "https://github.com/hyperf/hyperf"
            },
            "time": "2020-09-27T08:25:56+00:00"
        },
        {
            "name": "hyperf/guzzle",
            "version": "v2.0.21",
            "source": {
                "type": "git",
                "url": "https://github.com/hyperf/guzzle.git",
                "reference": "25810a3b9d79f6d9121895fe8bd6415fbbe57e53"
            },
            "dist": {
                "type": "zip",
                "url": "https://api.github.com/repos/hyperf/guzzle/zipball/25810a3b9d79f6d9121895fe8bd6415fbbe57e53",
                "reference": "25810a3b9d79f6d9121895fe8bd6415fbbe57e53",
                "shasum": ""
            },
            "require": {
                "guzzlehttp/guzzle": "^6.3",
                "php": ">=7.0",
                "psr/container": "^1.0",
                "psr/http-message": "^1.0"
            },
            "require-dev": {
                "ezimuel/ringphp": "~1.0"
            },
            "suggest": {
                "hyperf/pool": "Required to use pool handler."
            },
            "type": "library",
            "extra": {
                "branch-alias": {
                    "dev-master": "2.0-dev"
                },
                "hyperf": {
                    "config": "Hyperf\\Guzzle\\ConfigProvider"
                }
            },
            "autoload": {
                "psr-4": {
                    "Hyperf\\Guzzle\\": "src/"
                }
            },
            "notification-url": "https://packagist.org/downloads/",
            "license": [
                "MIT"
            ],
            "description": "Swoole coroutine handler for guzzle",
            "keywords": [
                "Guzzle",
                "handler",
                "php",
                "swoole"
            ],
            "support": {
                "issues": "https://github.com/hyperf/guzzle/issues",
                "source": "https://github.com/hyperf/guzzle/tree/v2.0.21"
            },
            "time": "2020-11-25T08:39:25+00:00"
        },
        {
            "name": "hyperf/service-governance",
            "version": "v2.0.21",
            "source": {
                "type": "git",
                "url": "https://github.com/hyperf/service-governance.git",
                "reference": "6ed012b5cc6c00f4b764fadfb576ecca3164cfcd"
            },
            "dist": {
                "type": "zip",
                "url": "https://api.github.com/repos/hyperf/service-governance/zipball/6ed012b5cc6c00f4b764fadfb576ecca3164cfcd",
                "reference": "6ed012b5cc6c00f4b764fadfb576ecca3164cfcd",
                "shasum": ""
            },
            "require": {
                "hyperf/consul": "~2.0.0",
                "hyperf/contract": "~2.0.0",
                "php": ">=7.2"
            },
            "require-dev": {
                "friendsofphp/php-cs-fixer": "^2.9",
                "hyperf/event": "~2.0.0",
                "malukenho/docheader": "^0.1.6",
                "mockery/mockery": "^1.0",
                "phpunit/phpunit": "^7.0.0"
            },
            "suggest": {
                "hyperf/event": "Required to use RegisterServiceListener.",
                "hyperf/framework": "Required to use RegisterServiceListener."
            },
            "type": "library",
            "extra": {
                "branch-alias": {
                    "dev-master": "2.0-dev"
                },
                "hyperf": {
                    "config": "Hyperf\\ServiceGovernance\\ConfigProvider"
                }
            },
            "autoload": {
                "psr-4": {
                    "Hyperf\\ServiceGovernance\\": "src/"
                }
            },
            "notification-url": "https://packagist.org/downloads/",
            "license": [
                "MIT"
            ],
            "description": "A service governance component for Hyperf.",
            "homepage": "https://hyperf.io",
            "keywords": [
                "hyperf",
                "php",
                "service-governance",
                "swoole"
            ],
            "support": {
                "docs": "https://hyperf.wiki",
                "issues": "https://github.com/hyperf/hyperf/issues",
                "pull-request": "https://github.com/hyperf/hyperf/pulls",
                "source": "https://github.com/hyperf/hyperf"
            },
            "time": "2020-11-24T07:28:24+00:00"
        },
        {
            "name": "hyperf/signal",
            "version": "v2.0.13",
            "source": {
                "type": "git",
                "url": "https://github.com/hyperf/signal.git",
                "reference": "5244bed27abd6d0237943e0a5d0550e5d1093798"
            },
            "dist": {
                "type": "zip",
                "url": "https://api.github.com/repos/hyperf/signal/zipball/5244bed27abd6d0237943e0a5d0550e5d1093798",
                "reference": "5244bed27abd6d0237943e0a5d0550e5d1093798",
                "shasum": ""
            },
            "require": {
                "hyperf/contract": "~2.0.0",
                "hyperf/utils": "~2.0.0",
                "php": ">=7.2",
                "psr/container": "^1.0"
            },
            "require-dev": {
                "friendsofphp/php-cs-fixer": "^2.9",
                "malukenho/docheader": "^0.1.6",
                "mockery/mockery": "^1.0",
                "phpunit/phpunit": "^7.0.0"
            },
            "type": "library",
            "extra": {
                "branch-alias": {
                    "dev-master": "2.0-dev"
                },
                "hyperf": {
                    "config": "Hyperf\\Signal\\ConfigProvider"
                }
            },
            "autoload": {
                "psr-4": {
                    "Hyperf\\Signal\\": "src/"
                }
            },
            "notification-url": "https://packagist.org/downloads/",
            "license": [
                "MIT"
            ],
            "description": "A signal library for Hyperf.",
            "homepage": "https://hyperf.io",
            "keywords": [
                "hyperf",
                "php",
                "signal",
                "swoole"
            ],
            "support": {
                "docs": "https://hyperf.wiki",
                "issues": "https://github.com/hyperf/hyperf/issues",
                "pull-request": "https://github.com/hyperf/hyperf/pulls",
                "source": "https://github.com/hyperf/hyperf"
            },
            "time": "2020-09-21T03:59:18+00:00"
        },
        {
            "name": "hyperf/utils",
            "version": "v2.0.24",
            "source": {
                "type": "git",
                "url": "https://github.com/hyperf/utils.git",
                "reference": "b7695851c938236d42d4ce6e5e5b3e371ad384d0"
            },
            "dist": {
                "type": "zip",
                "url": "https://api.github.com/repos/hyperf/utils/zipball/b7695851c938236d42d4ce6e5e5b3e371ad384d0",
                "reference": "b7695851c938236d42d4ce6e5e5b3e371ad384d0",
                "shasum": ""
            },
            "require": {
                "doctrine/inflector": "^2.0",
                "hyperf/contract": "~2.0.0",
                "php": ">=7.2"
            },
            "require-dev": {
                "friendsofphp/php-cs-fixer": "^2.9",
                "malukenho/docheader": "^0.1.6",
                "mockery/mockery": "^1.0",
                "phpunit/phpunit": "^7.0.0",
                "symfony/property-access": "^5.0",
                "symfony/serializer": "^5.0",
                "symfony/var-dumper": "^5.0"
            },
            "suggest": {
                "ext-swoole": "Required to use methods related to swoole (>=4.5).",
                "hyperf/di": "Required to use ExceptionNormalizer",
                "symfony/property-access": "Required to use SymfonyNormalizer (^5.0)",
                "symfony/serializer": "Required to use SymfonyNormalizer (^5.0)",
                "symfony/var-dumper": "Required to use the dd function (^5.0)."
            },
            "type": "library",
            "extra": {
                "hyperf": {
                    "config": "Hyperf\\Utils\\ConfigProvider"
                },
                "branch-alias": {
                    "dev-master": "2.0-dev"
                }
            },
            "autoload": {
                "files": [
                    "src/Functions.php"
                ],
                "psr-4": {
                    "Hyperf\\Utils\\": "src/"
                }
            },
            "notification-url": "https://packagist.org/downloads/",
            "license": [
                "MIT"
            ],
            "description": "A tools package that could help developer solved the problem quickly.",
            "homepage": "https://hyperf.io",
            "keywords": [
                "hyperf",
                "php",
                "swoole",
                "utils"
            ],
            "support": {
                "docs": "https://hyperf.wiki",
                "issues": "https://github.com/hyperf/hyperf/issues",
                "pull-request": "https://github.com/hyperf/hyperf/pulls",
                "source": "https://github.com/hyperf/hyperf"
            },
            "time": "2020-12-21T01:46:38+00:00"
        },
        {
            "name": "psr/container",
            "version": "1.0.0",
            "source": {
                "type": "git",
                "url": "https://github.com/php-fig/container.git",
                "reference": "b7ce3b176482dbbc1245ebf52b181af44c2cf55f"
            },
            "dist": {
                "type": "zip",
                "url": "https://api.github.com/repos/php-fig/container/zipball/b7ce3b176482dbbc1245ebf52b181af44c2cf55f",
                "reference": "b7ce3b176482dbbc1245ebf52b181af44c2cf55f",
                "shasum": ""
            },
            "require": {
                "php": ">=5.3.0"
            },
            "type": "library",
            "extra": {
                "branch-alias": {
                    "dev-master": "1.0.x-dev"
                }
            },
            "autoload": {
                "psr-4": {
                    "Psr\\Container\\": "src/"
                }
            },
            "notification-url": "https://packagist.org/downloads/",
            "license": [
                "MIT"
            ],
            "authors": [
                {
                    "name": "PHP-FIG",
                    "homepage": "http://www.php-fig.org/"
                }
            ],
            "description": "Common Container Interface (PHP FIG PSR-11)",
            "homepage": "https://github.com/php-fig/container",
            "keywords": [
                "PSR-11",
                "container",
                "container-interface",
                "container-interop",
                "psr"
            ],
            "support": {
                "issues": "https://github.com/php-fig/container/issues",
                "source": "https://github.com/php-fig/container/tree/master"
            },
            "time": "2017-02-14T16:28:37+00:00"
        },
        {
            "name": "psr/http-message",
            "version": "1.0.1",
            "source": {
                "type": "git",
                "url": "https://github.com/php-fig/http-message.git",
                "reference": "f6561bf28d520154e4b0ec72be95418abe6d9363"
            },
            "dist": {
                "type": "zip",
                "url": "https://api.github.com/repos/php-fig/http-message/zipball/f6561bf28d520154e4b0ec72be95418abe6d9363",
                "reference": "f6561bf28d520154e4b0ec72be95418abe6d9363",
                "shasum": ""
            },
            "require": {
                "php": ">=5.3.0"
            },
            "type": "library",
            "extra": {
                "branch-alias": {
                    "dev-master": "1.0.x-dev"
                }
            },
            "autoload": {
                "psr-4": {
                    "Psr\\Http\\Message\\": "src/"
                }
            },
            "notification-url": "https://packagist.org/downloads/",
            "license": [
                "MIT"
            ],
            "authors": [
                {
                    "name": "PHP-FIG",
                    "homepage": "http://www.php-fig.org/"
                }
            ],
            "description": "Common interface for HTTP messages",
            "homepage": "https://github.com/php-fig/http-message",
            "keywords": [
                "http",
                "http-message",
                "psr",
                "psr-7",
                "request",
                "response"
            ],
            "support": {
                "source": "https://github.com/php-fig/http-message/tree/master"
            },
            "time": "2016-08-06T14:39:51+00:00"
        },
        {
            "name": "ralouphie/getallheaders",
            "version": "3.0.3",
            "source": {
                "type": "git",
                "url": "https://github.com/ralouphie/getallheaders.git",
                "reference": "120b605dfeb996808c31b6477290a714d356e822"
            },
            "dist": {
                "type": "zip",
                "url": "https://api.github.com/repos/ralouphie/getallheaders/zipball/120b605dfeb996808c31b6477290a714d356e822",
                "reference": "120b605dfeb996808c31b6477290a714d356e822",
                "shasum": ""
            },
            "require": {
                "php": ">=5.6"
            },
            "require-dev": {
                "php-coveralls/php-coveralls": "^2.1",
                "phpunit/phpunit": "^5 || ^6.5"
            },
            "type": "library",
            "autoload": {
                "files": [
                    "src/getallheaders.php"
                ]
            },
            "notification-url": "https://packagist.org/downloads/",
            "license": [
                "MIT"
            ],
            "authors": [
                {
                    "name": "Ralph Khattar",
                    "email": "ralph.khattar@gmail.com"
                }
            ],
            "description": "A polyfill for getallheaders.",
            "support": {
                "issues": "https://github.com/ralouphie/getallheaders/issues",
                "source": "https://github.com/ralouphie/getallheaders/tree/develop"
            },
            "time": "2019-03-08T08:55:37+00:00"
        },
        {
            "name": "symfony/polyfill-intl-idn",
            "version": "v1.20.0",
            "source": {
                "type": "git",
                "url": "https://github.com/symfony/polyfill-intl-idn.git",
                "reference": "3b75acd829741c768bc8b1f84eb33265e7cc5117"
            },
            "dist": {
                "type": "zip",
                "url": "https://api.github.com/repos/symfony/polyfill-intl-idn/zipball/3b75acd829741c768bc8b1f84eb33265e7cc5117",
                "reference": "3b75acd829741c768bc8b1f84eb33265e7cc5117",
                "shasum": ""
            },
            "require": {
                "php": ">=7.1",
                "symfony/polyfill-intl-normalizer": "^1.10",
                "symfony/polyfill-php72": "^1.10"
            },
            "suggest": {
                "ext-intl": "For best performance"
            },
            "type": "library",
            "extra": {
                "branch-alias": {
                    "dev-main": "1.20-dev"
                },
                "thanks": {
                    "name": "symfony/polyfill",
                    "url": "https://github.com/symfony/polyfill"
                }
            },
            "autoload": {
                "psr-4": {
                    "Symfony\\Polyfill\\Intl\\Idn\\": ""
                },
                "files": [
                    "bootstrap.php"
                ]
            },
            "notification-url": "https://packagist.org/downloads/",
            "license": [
                "MIT"
            ],
            "authors": [
                {
                    "name": "Laurent Bassin",
                    "email": "laurent@bassin.info"
                },
                {
                    "name": "Trevor Rowbotham",
                    "email": "trevor.rowbotham@pm.me"
                },
                {
                    "name": "Symfony Community",
                    "homepage": "https://symfony.com/contributors"
                }
            ],
            "description": "Symfony polyfill for intl's idn_to_ascii and idn_to_utf8 functions",
            "homepage": "https://symfony.com",
            "keywords": [
                "compatibility",
                "idn",
                "intl",
                "polyfill",
                "portable",
                "shim"
            ],
            "support": {
                "source": "https://github.com/symfony/polyfill-intl-idn/tree/v1.20.0"
            },
            "funding": [
                {
                    "url": "https://symfony.com/sponsor",
                    "type": "custom"
                },
                {
                    "url": "https://github.com/fabpot",
                    "type": "github"
                },
                {
                    "url": "https://tidelift.com/funding/github/packagist/symfony/symfony",
                    "type": "tidelift"
                }
            ],
            "time": "2020-10-23T14:02:19+00:00"
        },
        {
            "name": "symfony/polyfill-intl-normalizer",
            "version": "v1.20.0",
            "source": {
                "type": "git",
                "url": "https://github.com/symfony/polyfill-intl-normalizer.git",
                "reference": "727d1096295d807c309fb01a851577302394c897"
            },
            "dist": {
                "type": "zip",
                "url": "https://api.github.com/repos/symfony/polyfill-intl-normalizer/zipball/727d1096295d807c309fb01a851577302394c897",
                "reference": "727d1096295d807c309fb01a851577302394c897",
                "shasum": ""
            },
            "require": {
                "php": ">=7.1"
            },
            "suggest": {
                "ext-intl": "For best performance"
            },
            "type": "library",
            "extra": {
                "branch-alias": {
                    "dev-main": "1.20-dev"
                },
                "thanks": {
                    "name": "symfony/polyfill",
                    "url": "https://github.com/symfony/polyfill"
                }
            },
            "autoload": {
                "psr-4": {
                    "Symfony\\Polyfill\\Intl\\Normalizer\\": ""
                },
                "files": [
                    "bootstrap.php"
                ],
                "classmap": [
                    "Resources/stubs"
                ]
            },
            "notification-url": "https://packagist.org/downloads/",
            "license": [
                "MIT"
            ],
            "authors": [
                {
                    "name": "Nicolas Grekas",
                    "email": "p@tchwork.com"
                },
                {
                    "name": "Symfony Community",
                    "homepage": "https://symfony.com/contributors"
                }
            ],
            "description": "Symfony polyfill for intl's Normalizer class and related functions",
            "homepage": "https://symfony.com",
            "keywords": [
                "compatibility",
                "intl",
                "normalizer",
                "polyfill",
                "portable",
                "shim"
            ],
            "support": {
                "source": "https://github.com/symfony/polyfill-intl-normalizer/tree/v1.20.0"
            },
            "funding": [
                {
                    "url": "https://symfony.com/sponsor",
                    "type": "custom"
                },
                {
                    "url": "https://github.com/fabpot",
                    "type": "github"
                },
                {
                    "url": "https://tidelift.com/funding/github/packagist/symfony/symfony",
                    "type": "tidelift"
                }
            ],
            "time": "2020-10-23T14:02:19+00:00"
        },
        {
            "name": "symfony/polyfill-php72",
            "version": "v1.20.0",
            "source": {
                "type": "git",
                "url": "https://github.com/symfony/polyfill-php72.git",
                "reference": "cede45fcdfabdd6043b3592e83678e42ec69e930"
            },
            "dist": {
                "type": "zip",
                "url": "https://api.github.com/repos/symfony/polyfill-php72/zipball/cede45fcdfabdd6043b3592e83678e42ec69e930",
                "reference": "cede45fcdfabdd6043b3592e83678e42ec69e930",
                "shasum": ""
            },
            "require": {
                "php": ">=7.1"
            },
            "type": "library",
            "extra": {
                "branch-alias": {
                    "dev-main": "1.20-dev"
                },
                "thanks": {
                    "name": "symfony/polyfill",
                    "url": "https://github.com/symfony/polyfill"
                }
            },
            "autoload": {
                "psr-4": {
                    "Symfony\\Polyfill\\Php72\\": ""
                },
                "files": [
                    "bootstrap.php"
                ]
            },
            "notification-url": "https://packagist.org/downloads/",
            "license": [
                "MIT"
            ],
            "authors": [
                {
                    "name": "Nicolas Grekas",
                    "email": "p@tchwork.com"
                },
                {
                    "name": "Symfony Community",
                    "homepage": "https://symfony.com/contributors"
                }
            ],
            "description": "Symfony polyfill backporting some PHP 7.2+ features to lower PHP versions",
            "homepage": "https://symfony.com",
            "keywords": [
                "compatibility",
                "polyfill",
                "portable",
                "shim"
            ],
            "support": {
                "source": "https://github.com/symfony/polyfill-php72/tree/v1.20.0"
            },
            "funding": [
                {
                    "url": "https://symfony.com/sponsor",
                    "type": "custom"
                },
                {
                    "url": "https://github.com/fabpot",
                    "type": "github"
                },
                {
                    "url": "https://tidelift.com/funding/github/packagist/symfony/symfony",
                    "type": "tidelift"
                }
            ],
            "time": "2020-10-23T14:02:19+00:00"
        }
    ],
    "packages-dev": [
        {
            "name": "psr/log",
            "version": "1.1.3",
            "source": {
                "type": "git",
                "url": "https://github.com/php-fig/log.git",
                "reference": "0f73288fd15629204f9d42b7055f72dacbe811fc"
            },
            "dist": {
                "type": "zip",
                "url": "https://api.github.com/repos/php-fig/log/zipball/0f73288fd15629204f9d42b7055f72dacbe811fc",
                "reference": "0f73288fd15629204f9d42b7055f72dacbe811fc",
                "shasum": ""
            },
            "require": {
                "php": ">=5.3.0"
            },
            "type": "library",
            "extra": {
                "branch-alias": {
                    "dev-master": "1.1.x-dev"
                }
            },
            "autoload": {
                "psr-4": {
                    "Psr\\Log\\": "Psr/Log/"
                }
            },
            "notification-url": "https://packagist.org/downloads/",
            "license": [
                "MIT"
            ],
            "authors": [
                {
                    "name": "PHP-FIG",
                    "homepage": "http://www.php-fig.org/"
                }
            ],
            "description": "Common interface for logging libraries",
            "homepage": "https://github.com/php-fig/log",
            "keywords": [
                "log",
                "psr",
                "psr-3"
            ],
            "support": {
                "source": "https://github.com/php-fig/log/tree/1.1.3"
            },
            "time": "2020-03-23T09:12:05+00:00"
        },
        {
            "name": "swoole/ide-helper",
            "version": "4.5.9",
            "source": {
                "type": "git",
                "url": "https://github.com/swoole/ide-helper.git",
                "reference": "4ad5772f9db6a6a0fe41068905a0272dcfa5f4d5"
            },
            "dist": {
                "type": "zip",
                "url": "https://api.github.com/repos/swoole/ide-helper/zipball/4ad5772f9db6a6a0fe41068905a0272dcfa5f4d5",
                "reference": "4ad5772f9db6a6a0fe41068905a0272dcfa5f4d5",
                "shasum": ""
            },
            "require-dev": {
                "guzzlehttp/guzzle": "~6.5.0",
                "laminas/laminas-code": "~3.4.0",
                "squizlabs/php_codesniffer": "~3.5.0",
                "symfony/filesystem": "~4.0"
            },
            "type": "library",
            "notification-url": "https://packagist.org/downloads/",
            "license": [
                "Apache-2.0"
            ],
            "authors": [
                {
                    "name": "Team Swoole",
                    "email": "team@swoole.com"
                }
            ],
            "description": "IDE help files for Swoole.",
            "support": {
                "issues": "https://github.com/swoole/ide-helper/issues",
                "source": "https://github.com/swoole/ide-helper/tree/4.5.9"
            },
            "time": "2020-12-01T00:31:09+00:00"
        }
    ],
    "aliases": [],
    "minimum-stability": "stable",
    "stability-flags": [],
    "prefer-stable": false,
    "prefer-lowest": false,
    "platform": [],
    "platform-dev": [],
    "plugin-api-version": "2.0.0"
}
